// !$*UTF8*$!
{
	archiveVersion = 1;
	classes = {
	};
	objectVersion = 77;
	objects = {

/* Begin PBXBuildFile section */
		01E62CDC7B11EEFA5F2F47CD /* FavoritesSyncBridge.swift in Sources */ = {isa = PBXBuildFile; fileRef = 6FBCBF69119F927827A8BA58 /* FavoritesSyncBridge.swift */; };
		12F2139A9050266D04982B56 /* AppleLaunchRequestStoreTests.swift in Sources */ = {isa = PBXBuildFile; fileRef = 067F67C0778F140B9C439FAE /* AppleLaunchRequestStoreTests.swift */; };
		16434C5475C6CB106470BC71 /* WatchFavoritesSyncBridgeTests.swift in Sources */ = {isa = PBXBuildFile; fileRef = 83B840181B8183228EA6B8DD /* WatchFavoritesSyncBridgeTests.swift */; };
		1901F7F94DAF47AC177BE7DC /* WatchFavoritesSyncBridge.swift in Sources */ = {isa = PBXBuildFile; fileRef = 4A5DDB1B2B1F0BF0F61771BF /* WatchFavoritesSyncBridge.swift */; };
		21C365CA8D25CE2887673429 /* AppleLaunchRequestStore.swift in Sources */ = {isa = PBXBuildFile; fileRef = 3F34DC3C8F3C649FC35D891A /* AppleLaunchRequestStore.swift */; };
		25C551CD6AF783E22E715857 /* WatchDashboardModelTests.swift in Sources */ = {isa = PBXBuildFile; fileRef = 568E26BE131F3A1C6A96110E /* WatchDashboardModelTests.swift */; };
		425AEB2482AA068BF341902E /* BiziZaragozaApp.swift in Sources */ = {isa = PBXBuildFile; fileRef = BDB0AB9E680ED175D0DCC4A5 /* BiziZaragozaApp.swift */; };
		4C54F8C1AB5DB240BB54D4B9 /* AppleShortcutRunner.swift in Sources */ = {isa = PBXBuildFile; fileRef = BC8794DCDB94AE98F328E48F /* AppleShortcutRunner.swift */; };
		5443D606DA751BE11A3287D1 /* SwiftUI.framework in Frameworks */ = {isa = PBXBuildFile; fileRef = 5CC824927869DECDC66A1B8A /* SwiftUI.framework */; };
		5EA6813FBCEAC9CCFF60BCB1 /* UIKit.framework in Frameworks */ = {isa = PBXBuildFile; fileRef = EAD93BA8276E4323A19B32F8 /* UIKit.framework */; };
		63246534A4832C85D0098F7F /* WatchDashboardModel.swift in Sources */ = {isa = PBXBuildFile; fileRef = A3CB089C6F846721EF5C2BBC /* WatchDashboardModel.swift */; };
		63A000A2270F005B5BED7D82 /* WatchConnectivity.framework in Frameworks */ = {isa = PBXBuildFile; fileRef = 2D3EAA1FEF16FE5DCFB540CF /* WatchConnectivity.framework */; };
		726E125E0EA16476AD9EA0D5 /* SwiftUI.framework in Frameworks */ = {isa = PBXBuildFile; fileRef = 5CC824927869DECDC66A1B8A /* SwiftUI.framework */; };
		735FFF9251C00F9E3FBBDD54 /* XCTest.framework in Frameworks */ = {isa = PBXBuildFile; fileRef = ADD5333C6EA05B9D70A461E9 /* XCTest.framework */; };
		8709497EC6DA8DD925701061 /* BiziWatchGraph.swift in Sources */ = {isa = PBXBuildFile; fileRef = DDFD41BB51AE548DBD1B3A9D /* BiziWatchGraph.swift */; };
		8769F0B8C935731B9F3DEE4C /* WatchShortcutRunnerTests.swift in Sources */ = {isa = PBXBuildFile; fileRef = 8B787355DCD28FB6C56CE0C3 /* WatchShortcutRunnerTests.swift */; };
		89AD6405ECA273DA01F1C32A /* BiziZaragozaUITests.swift in Sources */ = {isa = PBXBuildFile; fileRef = 4D168340322759EF9567637E /* BiziZaragozaUITests.swift */; };
		8DF323D330ABEED435C7E209 /* BiziAppleGraph.swift in Sources */ = {isa = PBXBuildFile; fileRef = CB80D43FCE4427389AF7C93C /* BiziAppleGraph.swift */; };
		909C0BEF306FB95D52D27CB0 /* FavoritesSyncBridge.swift in Sources */ = {isa = PBXBuildFile; fileRef = 6FBCBF69119F927827A8BA58 /* FavoritesSyncBridge.swift */; };
		94F10365EE3C8C6CF5BCEF5B /* XCTest.framework in Frameworks */ = {isa = PBXBuildFile; fileRef = ADD5333C6EA05B9D70A461E9 /* XCTest.framework */; };
		962BFDBA32DE51A35C36108E /* BiziShortcuts.swift in Sources */ = {isa = PBXBuildFile; fileRef = EC58133CDF714873B84A2060 /* BiziShortcuts.swift */; };
		9C968EB1DF389438011411B1 /* BiziWatchShortcuts.swift in Sources */ = {isa = PBXBuildFile; fileRef = 5D06EA3BE96DC32028370C51 /* BiziWatchShortcuts.swift */; };
		A243B8C20CB5E78CFDDE0583 /* WatchShortcutRunner.swift in Sources */ = {isa = PBXBuildFile; fileRef = 3FA3807D819E2E34AE2EFF7F /* WatchShortcutRunner.swift */; };
		B0BBCE96C9C319747545B866 /* AppleLaunchRequestStore.swift in Sources */ = {isa = PBXBuildFile; fileRef = 3F34DC3C8F3C649FC35D891A /* AppleLaunchRequestStore.swift */; };
		BB3DC77160C6BA5D83BCAC4A /* AppleShortcutRunner.swift in Sources */ = {isa = PBXBuildFile; fileRef = BC8794DCDB94AE98F328E48F /* AppleShortcutRunner.swift */; };
		C6B00F91BC4A429B97879167 /* WatchFavoritesSyncBridge.swift in Sources */ = {isa = PBXBuildFile; fileRef = 4A5DDB1B2B1F0BF0F61771BF /* WatchFavoritesSyncBridge.swift */; };
		C8EE260891FF1B9576C085FC /* ComposeRootView.swift in Sources */ = {isa = PBXBuildFile; fileRef = C89ACDE081F371C07894C925 /* ComposeRootView.swift */; };
		D3D00AA0A6D7A8ABAE420276 /* WatchConnectivity.framework in Frameworks */ = {isa = PBXBuildFile; fileRef = 2D3EAA1FEF16FE5DCFB540CF /* WatchConnectivity.framework */; };
		D54B16E831DD2F24F8B45E2A /* BiziWatchGraph.swift in Sources */ = {isa = PBXBuildFile; fileRef = DDFD41BB51AE548DBD1B3A9D /* BiziWatchGraph.swift */; };
		D881B22074E50C95E697A736 /* WatchShortcutRunner.swift in Sources */ = {isa = PBXBuildFile; fileRef = 3FA3807D819E2E34AE2EFF7F /* WatchShortcutRunner.swift */; };
		DE268D708D1CDF9B0850B526 /* AppleShortcutRunnerTests.swift in Sources */ = {isa = PBXBuildFile; fileRef = 08AC4660D6A712A4AF1A8B00 /* AppleShortcutRunnerTests.swift */; };
		E4462B5DA92F20FB0667D1DD /* BiziZaragozaWatchApp.swift in Sources */ = {isa = PBXBuildFile; fileRef = AB54246FF996BB6C42668DBD /* BiziZaragozaWatchApp.swift */; };
		F1802D680CAB4E94C22B5D57 /* FavoritesSyncBridgeTests.swift in Sources */ = {isa = PBXBuildFile; fileRef = AEDC070302195177D77AFCEB /* FavoritesSyncBridgeTests.swift */; };
		F3275F32B2CC0EA730AA2ECE /* BiziAppleGraph.swift in Sources */ = {isa = PBXBuildFile; fileRef = CB80D43FCE4427389AF7C93C /* BiziAppleGraph.swift */; };
		F5A466904B6B44D3B0621D3E /* XCTest.framework in Frameworks */ = {isa = PBXBuildFile; fileRef = ADD5333C6EA05B9D70A461E9 /* XCTest.framework */; };
		F77D9775DD1DDAAC151CA2CC /* WatchDashboardModel.swift in Sources */ = {isa = PBXBuildFile; fileRef = A3CB089C6F846721EF5C2BBC /* WatchDashboardModel.swift */; };
/* End PBXBuildFile section */

/* Begin PBXContainerItemProxy section */
		7D5ABA271396EDCA83091E08 /* PBXContainerItemProxy */ = {
			isa = PBXContainerItemProxy;
			containerPortal = 15306C0763EF355DF69384A7 /* Project object */;
			proxyType = 1;
			remoteGlobalIDString = C8B48EA109F99ADE7F104A93;
			remoteInfo = BiziZaragoza;
		};
/* End PBXContainerItemProxy section */

/* Begin PBXFileReference section */
		0095BAA0F0C3878CBD7DAA51 /* BiziZaragozaTests.xctest */ = {isa = PBXFileReference; includeInIndex = 0; lastKnownFileType = wrapper.cfbundle; path = BiziZaragozaTests.xctest; sourceTree = BUILT_PRODUCTS_DIR; };
		067F67C0778F140B9C439FAE /* AppleLaunchRequestStoreTests.swift */ = {isa = PBXFileReference; lastKnownFileType = sourcecode.swift; path = AppleLaunchRequestStoreTests.swift; sourceTree = "<group>"; };
		08AC4660D6A712A4AF1A8B00 /* AppleShortcutRunnerTests.swift */ = {isa = PBXFileReference; lastKnownFileType = sourcecode.swift; path = AppleShortcutRunnerTests.swift; sourceTree = "<group>"; };
		2D3EAA1FEF16FE5DCFB540CF /* WatchConnectivity.framework */ = {isa = PBXFileReference; lastKnownFileType = wrapper.framework; name = WatchConnectivity.framework; path = System/Library/Frameworks/WatchConnectivity.framework; sourceTree = SDKROOT; };
		3F34DC3C8F3C649FC35D891A /* AppleLaunchRequestStore.swift */ = {isa = PBXFileReference; lastKnownFileType = sourcecode.swift; path = AppleLaunchRequestStore.swift; sourceTree = "<group>"; };
		3FA3807D819E2E34AE2EFF7F /* WatchShortcutRunner.swift */ = {isa = PBXFileReference; lastKnownFileType = sourcecode.swift; path = WatchShortcutRunner.swift; sourceTree = "<group>"; };
		3FB5D9CB7A75A8E89FDD2358 /* BiziZaragoza.app */ = {isa = PBXFileReference; includeInIndex = 0; lastKnownFileType = wrapper.application; path = BiziZaragoza.app; sourceTree = BUILT_PRODUCTS_DIR; };
		4A5DDB1B2B1F0BF0F61771BF /* WatchFavoritesSyncBridge.swift */ = {isa = PBXFileReference; lastKnownFileType = sourcecode.swift; path = WatchFavoritesSyncBridge.swift; sourceTree = "<group>"; };
		4D168340322759EF9567637E /* BiziZaragozaUITests.swift */ = {isa = PBXFileReference; lastKnownFileType = sourcecode.swift; path = BiziZaragozaUITests.swift; sourceTree = "<group>"; };
		568E26BE131F3A1C6A96110E /* WatchDashboardModelTests.swift */ = {isa = PBXFileReference; lastKnownFileType = sourcecode.swift; path = WatchDashboardModelTests.swift; sourceTree = "<group>"; };
		5CC824927869DECDC66A1B8A /* SwiftUI.framework */ = {isa = PBXFileReference; lastKnownFileType = wrapper.framework; name = SwiftUI.framework; path = System/Library/Frameworks/SwiftUI.framework; sourceTree = SDKROOT; };
		5D06EA3BE96DC32028370C51 /* BiziWatchShortcuts.swift */ = {isa = PBXFileReference; lastKnownFileType = sourcecode.swift; path = BiziWatchShortcuts.swift; sourceTree = "<group>"; };
		6FBCBF69119F927827A8BA58 /* FavoritesSyncBridge.swift */ = {isa = PBXFileReference; lastKnownFileType = sourcecode.swift; path = FavoritesSyncBridge.swift; sourceTree = "<group>"; };
		814FB832E8C1F4AE5A2537D8 /* BiziZaragozaUITests.xctest */ = {isa = PBXFileReference; includeInIndex = 0; lastKnownFileType = wrapper.cfbundle; path = BiziZaragozaUITests.xctest; sourceTree = BUILT_PRODUCTS_DIR; };
		83B840181B8183228EA6B8DD /* WatchFavoritesSyncBridgeTests.swift */ = {isa = PBXFileReference; lastKnownFileType = sourcecode.swift; path = WatchFavoritesSyncBridgeTests.swift; sourceTree = "<group>"; };
		8B787355DCD28FB6C56CE0C3 /* WatchShortcutRunnerTests.swift */ = {isa = PBXFileReference; lastKnownFileType = sourcecode.swift; path = WatchShortcutRunnerTests.swift; sourceTree = "<group>"; };
		A3CB089C6F846721EF5C2BBC /* WatchDashboardModel.swift */ = {isa = PBXFileReference; lastKnownFileType = sourcecode.swift; path = WatchDashboardModel.swift; sourceTree = "<group>"; };
		A987E73CEA324E9242B6829B /* BiziZaragozaWatch.app */ = {isa = PBXFileReference; explicitFileType = wrapper.application; includeInIndex = 0; path = BiziZaragozaWatch.app; sourceTree = BUILT_PRODUCTS_DIR; };
		AB54246FF996BB6C42668DBD /* BiziZaragozaWatchApp.swift */ = {isa = PBXFileReference; lastKnownFileType = sourcecode.swift; path = BiziZaragozaWatchApp.swift; sourceTree = "<group>"; };
		ADD5333C6EA05B9D70A461E9 /* XCTest.framework */ = {isa = PBXFileReference; lastKnownFileType = wrapper.framework; name = XCTest.framework; path = System/Library/Frameworks/XCTest.framework; sourceTree = SDKROOT; };
		AEDC070302195177D77AFCEB /* FavoritesSyncBridgeTests.swift */ = {isa = PBXFileReference; lastKnownFileType = sourcecode.swift; path = FavoritesSyncBridgeTests.swift; sourceTree = "<group>"; };
		BC8794DCDB94AE98F328E48F /* AppleShortcutRunner.swift */ = {isa = PBXFileReference; lastKnownFileType = sourcecode.swift; path = AppleShortcutRunner.swift; sourceTree = "<group>"; };
		BDB0AB9E680ED175D0DCC4A5 /* BiziZaragozaApp.swift */ = {isa = PBXFileReference; lastKnownFileType = sourcecode.swift; path = BiziZaragozaApp.swift; sourceTree = "<group>"; };
		C89ACDE081F371C07894C925 /* ComposeRootView.swift */ = {isa = PBXFileReference; lastKnownFileType = sourcecode.swift; path = ComposeRootView.swift; sourceTree = "<group>"; };
		CB80D43FCE4427389AF7C93C /* BiziAppleGraph.swift */ = {isa = PBXFileReference; lastKnownFileType = sourcecode.swift; path = BiziAppleGraph.swift; sourceTree = "<group>"; };
		DB393298A5B347FE9CF35ED3 /* BiziZaragozaWatchTests.xctest */ = {isa = PBXFileReference; explicitFileType = wrapper.cfbundle; includeInIndex = 0; path = BiziZaragozaWatchTests.xctest; sourceTree = BUILT_PRODUCTS_DIR; };
		DDFD41BB51AE548DBD1B3A9D /* BiziWatchGraph.swift */ = {isa = PBXFileReference; lastKnownFileType = sourcecode.swift; path = BiziWatchGraph.swift; sourceTree = "<group>"; };
		EAD93BA8276E4323A19B32F8 /* UIKit.framework */ = {isa = PBXFileReference; lastKnownFileType = wrapper.framework; name = UIKit.framework; path = System/Library/Frameworks/UIKit.framework; sourceTree = SDKROOT; };
		EC58133CDF714873B84A2060 /* BiziShortcuts.swift */ = {isa = PBXFileReference; lastKnownFileType = sourcecode.swift; path = BiziShortcuts.swift; sourceTree = "<group>"; };
/* End PBXFileReference section */

/* Begin PBXFrameworksBuildPhase section */
		072F124919B44F2B93F2A9CF /* Frameworks */ = {
			isa = PBXFrameworksBuildPhase;
			buildActionMask = 2147483647;
			files = (
				94F10365EE3C8C6CF5BCEF5B /* XCTest.framework in Frameworks */,
				63A000A2270F005B5BED7D82 /* WatchConnectivity.framework in Frameworks */,
			);
			runOnlyForDeploymentPostprocessing = 0;
		};
		4DD8561DC5C807EBF3443CF6 /* Frameworks */ = {
			isa = PBXFrameworksBuildPhase;
			buildActionMask = 2147483647;
			files = (
				5443D606DA751BE11A3287D1 /* SwiftUI.framework in Frameworks */,
				5EA6813FBCEAC9CCFF60BCB1 /* UIKit.framework in Frameworks */,
			);
			runOnlyForDeploymentPostprocessing = 0;
		};
		86813EA7D6B8B8BDB059992B /* Frameworks */ = {
			isa = PBXFrameworksBuildPhase;
			buildActionMask = 2147483647;
			files = (
				F5A466904B6B44D3B0621D3E /* XCTest.framework in Frameworks */,
			);
			runOnlyForDeploymentPostprocessing = 0;
		};
		95FE5D4B21CDB7A5B0C4F103 /* Frameworks */ = {
			isa = PBXFrameworksBuildPhase;
			buildActionMask = 2147483647;
			files = (
				735FFF9251C00F9E3FBBDD54 /* XCTest.framework in Frameworks */,
			);
			runOnlyForDeploymentPostprocessing = 0;
		};
		FD98020F9182FBE8F0226628 /* Frameworks */ = {
			isa = PBXFrameworksBuildPhase;
			buildActionMask = 2147483647;
			files = (
				726E125E0EA16476AD9EA0D5 /* SwiftUI.framework in Frameworks */,
				D3D00AA0A6D7A8ABAE420276 /* WatchConnectivity.framework in Frameworks */,
			);
			runOnlyForDeploymentPostprocessing = 0;
		};
/* End PBXFrameworksBuildPhase section */

/* Begin PBXGroup section */
		269AF0E69523BBBA8046180F /* iosAppTests */ = {
			isa = PBXGroup;
			children = (
				067F67C0778F140B9C439FAE /* AppleLaunchRequestStoreTests.swift */,
				08AC4660D6A712A4AF1A8B00 /* AppleShortcutRunnerTests.swift */,
				AEDC070302195177D77AFCEB /* FavoritesSyncBridgeTests.swift */,
			);
			path = iosAppTests;
			sourceTree = "<group>";
		};
		534F5641E71B302FF1DFF77B /* Frameworks */ = {
			isa = PBXGroup;
			children = (
				5CC824927869DECDC66A1B8A /* SwiftUI.framework */,
				EAD93BA8276E4323A19B32F8 /* UIKit.framework */,
				2D3EAA1FEF16FE5DCFB540CF /* WatchConnectivity.framework */,
				ADD5333C6EA05B9D70A461E9 /* XCTest.framework */,
			);
			name = Frameworks;
			sourceTree = "<group>";
		};
		612BC18A0C68575F17520BE7 /* watchApp */ = {
			isa = PBXGroup;
			children = (
				DDFD41BB51AE548DBD1B3A9D /* BiziWatchGraph.swift */,
				5D06EA3BE96DC32028370C51 /* BiziWatchShortcuts.swift */,
				AB54246FF996BB6C42668DBD /* BiziZaragozaWatchApp.swift */,
				A3CB089C6F846721EF5C2BBC /* WatchDashboardModel.swift */,
				4A5DDB1B2B1F0BF0F61771BF /* WatchFavoritesSyncBridge.swift */,
				3FA3807D819E2E34AE2EFF7F /* WatchShortcutRunner.swift */,
			);
			path = watchApp;
			sourceTree = "<group>";
		};
		614B01FEFF803CF83B3894E8 = {
			isa = PBXGroup;
			children = (
				DFA0C477AFBFA2BCB90BAA6C /* iosApp */,
				269AF0E69523BBBA8046180F /* iosAppTests */,
				F9FE7757831E1FAB1239486D /* iosAppUITests */,
				6B3F9A30316740EA347C4DAE /* sharedApple */,
				612BC18A0C68575F17520BE7 /* watchApp */,
				C8ACC78E152AE218C156BC0D /* watchAppTests */,
				534F5641E71B302FF1DFF77B /* Frameworks */,
				7011A7278025024B568B85E9 /* Products */,
			);
			sourceTree = "<group>";
		};
		6B3F9A30316740EA347C4DAE /* sharedApple */ = {
			isa = PBXGroup;
			children = (
				CB80D43FCE4427389AF7C93C /* BiziAppleGraph.swift */,
			);
			path = sharedApple;
			sourceTree = "<group>";
		};
		7011A7278025024B568B85E9 /* Products */ = {
			isa = PBXGroup;
			children = (
				3FB5D9CB7A75A8E89FDD2358 /* BiziZaragoza.app */,
				0095BAA0F0C3878CBD7DAA51 /* BiziZaragozaTests.xctest */,
				814FB832E8C1F4AE5A2537D8 /* BiziZaragozaUITests.xctest */,
				A987E73CEA324E9242B6829B /* BiziZaragozaWatch.app */,
				DB393298A5B347FE9CF35ED3 /* BiziZaragozaWatchTests.xctest */,
			);
			name = Products;
			sourceTree = "<group>";
		};
		C8ACC78E152AE218C156BC0D /* watchAppTests */ = {
			isa = PBXGroup;
			children = (
				568E26BE131F3A1C6A96110E /* WatchDashboardModelTests.swift */,
				83B840181B8183228EA6B8DD /* WatchFavoritesSyncBridgeTests.swift */,
				8B787355DCD28FB6C56CE0C3 /* WatchShortcutRunnerTests.swift */,
			);
			path = watchAppTests;
			sourceTree = "<group>";
		};
		DFA0C477AFBFA2BCB90BAA6C /* iosApp */ = {
			isa = PBXGroup;
			children = (
				3F34DC3C8F3C649FC35D891A /* AppleLaunchRequestStore.swift */,
				BC8794DCDB94AE98F328E48F /* AppleShortcutRunner.swift */,
				EC58133CDF714873B84A2060 /* BiziShortcuts.swift */,
				BDB0AB9E680ED175D0DCC4A5 /* BiziZaragozaApp.swift */,
				C89ACDE081F371C07894C925 /* ComposeRootView.swift */,
				6FBCBF69119F927827A8BA58 /* FavoritesSyncBridge.swift */,
			);
			path = iosApp;
			sourceTree = "<group>";
		};
		F9FE7757831E1FAB1239486D /* iosAppUITests */ = {
			isa = PBXGroup;
			children = (
				4D168340322759EF9567637E /* BiziZaragozaUITests.swift */,
			);
			path = iosAppUITests;
			sourceTree = "<group>";
		};
/* End PBXGroup section */

/* Begin PBXNativeTarget section */
		6C7E535E4B9255F528DAA0AB /* BiziZaragozaWatchTests */ = {
			isa = PBXNativeTarget;
			buildConfigurationList = 57F5B8115010808D064B3166 /* Build configuration list for PBXNativeTarget "BiziZaragozaWatchTests" */;
			buildPhases = (
				E829EB521952CD556E9C46B5 /* Build KMP watchOS test framework */,
				29015306360DADD0CFDA80B4 /* Sources */,
				072F124919B44F2B93F2A9CF /* Frameworks */,
			);
			buildRules = (
			);
			dependencies = (
			);
			name = BiziZaragozaWatchTests;
			packageProductDependencies = (
			);
			productName = BiziZaragozaWatchTests;
			productReference = DB393298A5B347FE9CF35ED3 /* BiziZaragozaWatchTests.xctest */;
			productType = "com.apple.product-type.bundle.unit-test";
		};
		93A58391E201CEDE5FC39A10 /* BiziZaragozaUITests */ = {
			isa = PBXNativeTarget;
			buildConfigurationList = CB2D23A11FB9FB2D237B330F /* Build configuration list for PBXNativeTarget "BiziZaragozaUITests" */;
			buildPhases = (
				0106395A562C7F662BD2F995 /* Sources */,
				86813EA7D6B8B8BDB059992B /* Frameworks */,
			);
			buildRules = (
			);
			dependencies = (
				A9B4701CBFF454B2A20DE7EE /* PBXTargetDependency */,
			);
			name = BiziZaragozaUITests;
			packageProductDependencies = (
			);
			productName = BiziZaragozaUITests;
			productReference = 814FB832E8C1F4AE5A2537D8 /* BiziZaragozaUITests.xctest */;
			productType = "com.apple.product-type.bundle.ui-testing";
		};
		9AAEF234E6136587F6B6531E /* BiziZaragozaWatch */ = {
			isa = PBXNativeTarget;
			buildConfigurationList = 9BFC3BD049FCD87DCC536D0A /* Build configuration list for PBXNativeTarget "BiziZaragozaWatch" */;
			buildPhases = (
				FF13FF5755CC341F984068A6 /* Build KMP watchOS framework */,
				859DEA061CC0DB756817BB9D /* Sources */,
				FD98020F9182FBE8F0226628 /* Frameworks */,
			);
			buildRules = (
			);
			dependencies = (
			);
			name = BiziZaragozaWatch;
			packageProductDependencies = (
			);
			productName = BiziZaragozaWatch;
			productReference = A987E73CEA324E9242B6829B /* BiziZaragozaWatch.app */;
			productType = "com.apple.product-type.application";
		};
		AB967055601359120F04BFD2 /* BiziZaragozaTests */ = {
			isa = PBXNativeTarget;
			buildConfigurationList = DBD0BF5764C9073B5FCC1866 /* Build configuration list for PBXNativeTarget "BiziZaragozaTests" */;
			buildPhases = (
				503A94334B2DD0FF86FF3D71 /* Build KMP iOS test frameworks */,
				FACACB5DEF97BFAEEAF25A43 /* Sources */,
				95FE5D4B21CDB7A5B0C4F103 /* Frameworks */,
			);
			buildRules = (
			);
			dependencies = (
			);
			name = BiziZaragozaTests;
			packageProductDependencies = (
			);
			productName = BiziZaragozaTests;
			productReference = 0095BAA0F0C3878CBD7DAA51 /* BiziZaragozaTests.xctest */;
			productType = "com.apple.product-type.bundle.unit-test";
		};
		C8B48EA109F99ADE7F104A93 /* BiziZaragoza */ = {
			isa = PBXNativeTarget;
			buildConfigurationList = 7F7F225AB5780CC63C024369 /* Build configuration list for PBXNativeTarget "BiziZaragoza" */;
			buildPhases = (
				7D5DAF4D660D5178300C157A /* Build KMP iOS frameworks */,
				006161D7045D48D5E38F0126 /* Sources */,
				4DD8561DC5C807EBF3443CF6 /* Frameworks */,
			);
			buildRules = (
			);
			dependencies = (
			);
			name = BiziZaragoza;
			packageProductDependencies = (
			);
			productName = BiziZaragoza;
			productReference = 3FB5D9CB7A75A8E89FDD2358 /* BiziZaragoza.app */;
			productType = "com.apple.product-type.application";
		};
/* End PBXNativeTarget section */

/* Begin PBXProject section */
		15306C0763EF355DF69384A7 /* Project object */ = {
			isa = PBXProject;
			attributes = {
				BuildIndependentTargetsInParallel = YES;
				LastUpgradeCheck = 1430;
				TargetAttributes = {
					6C7E535E4B9255F528DAA0AB = {
						DevelopmentTeam = "";
						ProvisioningStyle = Automatic;
					};
					93A58391E201CEDE5FC39A10 = {
						DevelopmentTeam = "";
						ProvisioningStyle = Automatic;
						TestTargetID = C8B48EA109F99ADE7F104A93;
					};
					9AAEF234E6136587F6B6531E = {
						DevelopmentTeam = "";
						ProvisioningStyle = Automatic;
					};
					AB967055601359120F04BFD2 = {
						DevelopmentTeam = "";
						ProvisioningStyle = Automatic;
					};
					C8B48EA109F99ADE7F104A93 = {
						DevelopmentTeam = "";
						ProvisioningStyle = Automatic;
					};
				};
			};
			buildConfigurationList = F26943683B39FE76F2FE42E4 /* Build configuration list for PBXProject "BiziZaragoza" */;
			developmentRegion = en;
			hasScannedForEncodings = 0;
			knownRegions = (
				Base,
				en,
			);
			mainGroup = 614B01FEFF803CF83B3894E8;
			minimizedProjectReferenceProxies = 1;
			preferredProjectObjectVersion = 77;
			productRefGroup = 7011A7278025024B568B85E9 /* Products */;
			projectDirPath = "";
			projectRoot = "";
			targets = (
				C8B48EA109F99ADE7F104A93 /* BiziZaragoza */,
				AB967055601359120F04BFD2 /* BiziZaragozaTests */,
				93A58391E201CEDE5FC39A10 /* BiziZaragozaUITests */,
				9AAEF234E6136587F6B6531E /* BiziZaragozaWatch */,
				6C7E535E4B9255F528DAA0AB /* BiziZaragozaWatchTests */,
			);
		};
/* End PBXProject section */

/* Begin PBXShellScriptBuildPhase section */
		503A94334B2DD0FF86FF3D71 /* Build KMP iOS test frameworks */ = {
			isa = PBXShellScriptBuildPhase;
			alwaysOutOfDate = 1;
			buildActionMask = 2147483647;
			files = (
			);
			inputFileListPaths = (
			);
			inputPaths = (
			);
			name = "Build KMP iOS test frameworks";
			outputFileListPaths = (
			);
			outputPaths = (
			);
			runOnlyForDeploymentPostprocessing = 0;
			shellPath = /bin/sh;
			shellScript = "set -euo pipefail\ncd \"$SRCROOT/..\"\nif [ \"$CONFIGURATION\" = \"Release\" ]; then\n  KMP_CONFIGURATION=\"Release\"\nelse\n  KMP_CONFIGURATION=\"Debug\"\nfi\nif [[ \"$PLATFORM_NAME\" == *simulator* ]]; then\n  ./gradlew :shared:mobile-ui:link${KMP_CONFIGURATION}FrameworkIosSimulatorArm64\nelse\n  ./gradlew :shared:mobile-ui:link${KMP_CONFIGURATION}FrameworkIosArm64\nfi\n";
		};
		7D5DAF4D660D5178300C157A /* Build KMP iOS frameworks */ = {
			isa = PBXShellScriptBuildPhase;
			alwaysOutOfDate = 1;
			buildActionMask = 2147483647;
			files = (
			);
			inputFileListPaths = (
			);
			inputPaths = (
			);
			name = "Build KMP iOS frameworks";
			outputFileListPaths = (
			);
			outputPaths = (
			);
			runOnlyForDeploymentPostprocessing = 0;
			shellPath = /bin/sh;
			shellScript = "set -euo pipefail\ncd \"$SRCROOT/..\"\nif [ \"$CONFIGURATION\" = \"Release\" ]; then\n  KMP_CONFIGURATION=\"Release\"\nelse\n  KMP_CONFIGURATION=\"Debug\"\nfi\nif [[ \"$PLATFORM_NAME\" == *simulator* ]]; then\n  ./gradlew :shared:mobile-ui:link${KMP_CONFIGURATION}FrameworkIosSimulatorArm64\nelse\n  ./gradlew :shared:mobile-ui:link${KMP_CONFIGURATION}FrameworkIosArm64\nfi\n";
		};
		E829EB521952CD556E9C46B5 /* Build KMP watchOS test framework */ = {
			isa = PBXShellScriptBuildPhase;
			alwaysOutOfDate = 1;
			buildActionMask = 2147483647;
			files = (
			);
			inputFileListPaths = (
			);
			inputPaths = (
			);
			name = "Build KMP watchOS test framework";
			outputFileListPaths = (
			);
			outputPaths = (
			);
			runOnlyForDeploymentPostprocessing = 0;
			shellPath = /bin/sh;
			shellScript = "set -euo pipefail\ncd \"$SRCROOT/..\"\nif [ \"$CONFIGURATION\" = \"Release\" ]; then\n  KMP_CONFIGURATION=\"Release\"\nelse\n  KMP_CONFIGURATION=\"Debug\"\nfi\nif [[ \"$PLATFORM_NAME\" == *simulator* ]]; then\n  ./gradlew :shared:core:link${KMP_CONFIGURATION}FrameworkWatchosSimulatorArm64\nelse\n  ./gradlew :shared:core:link${KMP_CONFIGURATION}FrameworkWatchosArm64\nfi\n";
		};
		FF13FF5755CC341F984068A6 /* Build KMP watchOS framework */ = {
			isa = PBXShellScriptBuildPhase;
			alwaysOutOfDate = 1;
			buildActionMask = 2147483647;
			files = (
			);
			inputFileListPaths = (
			);
			inputPaths = (
			);
			name = "Build KMP watchOS framework";
			outputFileListPaths = (
			);
			outputPaths = (
			);
			runOnlyForDeploymentPostprocessing = 0;
			shellPath = /bin/sh;
			shellScript = "set -euo pipefail\ncd \"$SRCROOT/..\"\nif [ \"$CONFIGURATION\" = \"Release\" ]; then\n  KMP_CONFIGURATION=\"Release\"\nelse\n  KMP_CONFIGURATION=\"Debug\"\nfi\nif [[ \"$PLATFORM_NAME\" == *simulator* ]]; then\n  ./gradlew :shared:core:link${KMP_CONFIGURATION}FrameworkWatchosSimulatorArm64\nelse\n  ./gradlew :shared:core:link${KMP_CONFIGURATION}FrameworkWatchosArm64\nfi\n";
		};
/* End PBXShellScriptBuildPhase section */

/* Begin PBXSourcesBuildPhase section */
		006161D7045D48D5E38F0126 /* Sources */ = {
			isa = PBXSourcesBuildPhase;
			buildActionMask = 2147483647;
			files = (
				21C365CA8D25CE2887673429 /* AppleLaunchRequestStore.swift in Sources */,
				4C54F8C1AB5DB240BB54D4B9 /* AppleShortcutRunner.swift in Sources */,
				F3275F32B2CC0EA730AA2ECE /* BiziAppleGraph.swift in Sources */,
				962BFDBA32DE51A35C36108E /* BiziShortcuts.swift in Sources */,
				425AEB2482AA068BF341902E /* BiziZaragozaApp.swift in Sources */,
				C8EE260891FF1B9576C085FC /* ComposeRootView.swift in Sources */,
				909C0BEF306FB95D52D27CB0 /* FavoritesSyncBridge.swift in Sources */,
			);
			runOnlyForDeploymentPostprocessing = 0;
		};
		0106395A562C7F662BD2F995 /* Sources */ = {
			isa = PBXSourcesBuildPhase;
			buildActionMask = 2147483647;
			files = (
				89AD6405ECA273DA01F1C32A /* BiziZaragozaUITests.swift in Sources */,
			);
			runOnlyForDeploymentPostprocessing = 0;
		};
		29015306360DADD0CFDA80B4 /* Sources */ = {
			isa = PBXSourcesBuildPhase;
			buildActionMask = 2147483647;
			files = (
				D54B16E831DD2F24F8B45E2A /* BiziWatchGraph.swift in Sources */,
				63246534A4832C85D0098F7F /* WatchDashboardModel.swift in Sources */,
				25C551CD6AF783E22E715857 /* WatchDashboardModelTests.swift in Sources */,
				C6B00F91BC4A429B97879167 /* WatchFavoritesSyncBridge.swift in Sources */,
				16434C5475C6CB106470BC71 /* WatchFavoritesSyncBridgeTests.swift in Sources */,
				A243B8C20CB5E78CFDDE0583 /* WatchShortcutRunner.swift in Sources */,
				8769F0B8C935731B9F3DEE4C /* WatchShortcutRunnerTests.swift in Sources */,
			);
			runOnlyForDeploymentPostprocessing = 0;
		};
		859DEA061CC0DB756817BB9D /* Sources */ = {
			isa = PBXSourcesBuildPhase;
			buildActionMask = 2147483647;
			files = (
				8709497EC6DA8DD925701061 /* BiziWatchGraph.swift in Sources */,
				9C968EB1DF389438011411B1 /* BiziWatchShortcuts.swift in Sources */,
				E4462B5DA92F20FB0667D1DD /* BiziZaragozaWatchApp.swift in Sources */,
				F77D9775DD1DDAAC151CA2CC /* WatchDashboardModel.swift in Sources */,
				1901F7F94DAF47AC177BE7DC /* WatchFavoritesSyncBridge.swift in Sources */,
				D881B22074E50C95E697A736 /* WatchShortcutRunner.swift in Sources */,
			);
			runOnlyForDeploymentPostprocessing = 0;
		};
		FACACB5DEF97BFAEEAF25A43 /* Sources */ = {
			isa = PBXSourcesBuildPhase;
			buildActionMask = 2147483647;
			files = (
				B0BBCE96C9C319747545B866 /* AppleLaunchRequestStore.swift in Sources */,
				12F2139A9050266D04982B56 /* AppleLaunchRequestStoreTests.swift in Sources */,
				BB3DC77160C6BA5D83BCAC4A /* AppleShortcutRunner.swift in Sources */,
				DE268D708D1CDF9B0850B526 /* AppleShortcutRunnerTests.swift in Sources */,
				8DF323D330ABEED435C7E209 /* BiziAppleGraph.swift in Sources */,
				01E62CDC7B11EEFA5F2F47CD /* FavoritesSyncBridge.swift in Sources */,
				F1802D680CAB4E94C22B5D57 /* FavoritesSyncBridgeTests.swift in Sources */,
			);
			runOnlyForDeploymentPostprocessing = 0;
		};
/* End PBXSourcesBuildPhase section */

/* Begin PBXTargetDependency section */
		A9B4701CBFF454B2A20DE7EE /* PBXTargetDependency */ = {
			isa = PBXTargetDependency;
			target = C8B48EA109F99ADE7F104A93 /* BiziZaragoza */;
			targetProxy = 7D5ABA271396EDCA83091E08 /* PBXContainerItemProxy */;
		};
/* End PBXTargetDependency section */

/* Begin XCBuildConfiguration section */
		0095B746F18448F7B51B34FC /* Debug */ = {
			isa = XCBuildConfiguration;
			buildSettings = {
				ASSETCATALOG_COMPILER_APPICON_NAME = AppIcon;
				CODE_SIGN_IDENTITY = "iPhone Developer";
				CODE_SIGN_STYLE = Automatic;
				DEVELOPMENT_TEAM = "";
				"EXCLUDED_ARCHS[sdk=iphonesimulator*]" = x86_64;
				FRAMEWORK_SEARCH_PATHS = (
					"$(inherited)",
					"$(SRCROOT)/../shared/mobile-ui/build/bin/iosSimulatorArm64/debugFramework",
					"$(SRCROOT)/../shared/mobile-ui/build/bin/iosSimulatorArm64/releaseFramework",
					"$(SRCROOT)/../shared/mobile-ui/build/bin/iosArm64/debugFramework",
					"$(SRCROOT)/../shared/mobile-ui/build/bin/iosArm64/releaseFramework",
				);
				GENERATE_INFOPLIST_FILE = YES;
				INFOPLIST_KEY_CADisableMinimumFrameDurationOnPhone = YES;
				INFOPLIST_KEY_CFBundleDisplayName = "Bizi Zaragoza";
				INFOPLIST_KEY_NSLocationWhenInUseUsageDescription = "Bizi Zaragoza necesita tu ubicación para mostrar estaciones cercanas.";
				INFOPLIST_KEY_UILaunchScreen_Generation = YES;
				IPHONEOS_DEPLOYMENT_TARGET = 16.0;
				LD_RUNPATH_SEARCH_PATHS = (
					"$(inherited)",
					"@executable_path/Frameworks",
				);
				OTHER_LDFLAGS = "$(inherited) -framework BiziMobileUi";
				PRODUCT_BUNDLE_IDENTIFIER = com.gcaguilar.bizizaragoza.ios;
				PRODUCT_NAME = "Bizi Zaragoza";
				SDKROOT = iphoneos;
				TARGETED_DEVICE_FAMILY = "1,2";
			};
			name = Debug;
		};
		11DD6291E56B7E10FFEF6AD1 /* Release */ = {
			isa = XCBuildConfiguration;
			buildSettings = {
				ASSETCATALOG_COMPILER_APPICON_NAME = AppIcon;
				CODE_SIGN_IDENTITY = "iPhone Developer";
				CODE_SIGN_STYLE = Automatic;
				DEVELOPMENT_TEAM = "";
				"EXCLUDED_ARCHS[sdk=iphonesimulator*]" = x86_64;
				FRAMEWORK_SEARCH_PATHS = (
					"$(inherited)",
					"$(SRCROOT)/../shared/mobile-ui/build/bin/iosSimulatorArm64/debugFramework",
					"$(SRCROOT)/../shared/mobile-ui/build/bin/iosSimulatorArm64/releaseFramework",
					"$(SRCROOT)/../shared/mobile-ui/build/bin/iosArm64/debugFramework",
					"$(SRCROOT)/../shared/mobile-ui/build/bin/iosArm64/releaseFramework",
				);
				GENERATE_INFOPLIST_FILE = YES;
				INFOPLIST_KEY_CADisableMinimumFrameDurationOnPhone = YES;
				INFOPLIST_KEY_CFBundleDisplayName = "Bizi Zaragoza";
				INFOPLIST_KEY_NSLocationWhenInUseUsageDescription = "Bizi Zaragoza necesita tu ubicación para mostrar estaciones cercanas.";
				INFOPLIST_KEY_UILaunchScreen_Generation = YES;
				IPHONEOS_DEPLOYMENT_TARGET = 16.0;
				LD_RUNPATH_SEARCH_PATHS = (
					"$(inherited)",
					"@executable_path/Frameworks",
				);
				OTHER_LDFLAGS = "$(inherited) -framework BiziMobileUi";
				PRODUCT_BUNDLE_IDENTIFIER = com.gcaguilar.bizizaragoza.ios;
				PRODUCT_NAME = "Bizi Zaragoza";
				SDKROOT = iphoneos;
				TARGETED_DEVICE_FAMILY = "1,2";
			};
			name = Release;
		};
		161F732AB562871D7F2E3C8F /* Debug */ = {
			isa = XCBuildConfiguration;
			buildSettings = {
				ASSETCATALOG_COMPILER_APPICON_NAME = AppIcon;
				CODE_SIGN_STYLE = Automatic;
				DEVELOPMENT_TEAM = "";
				"EXCLUDED_ARCHS[sdk=watchsimulator*]" = x86_64;
				FRAMEWORK_SEARCH_PATHS = (
					"$(inherited)",
					"$(SRCROOT)/../shared/core/build/bin/watchosSimulatorArm64/debugFramework",
					"$(SRCROOT)/../shared/core/build/bin/watchosSimulatorArm64/releaseFramework",
					"$(SRCROOT)/../shared/core/build/bin/watchosArm64/debugFramework",
					"$(SRCROOT)/../shared/core/build/bin/watchosArm64/releaseFramework",
				);
				GENERATE_INFOPLIST_FILE = YES;
				INFOPLIST_KEY_CFBundleDisplayName = "Bizi Zaragoza Watch";
				INFOPLIST_KEY_NSLocationWhenInUseUsageDescription = "Bizi Zaragoza necesita tu ubicación para mostrar estaciones cercanas en el reloj.";
				INFOPLIST_KEY_WKApplication = YES;
				INFOPLIST_KEY_WKCompanionAppBundleIdentifier = com.gcaguilar.bizizaragoza.ios;
				INFOPLIST_KEY_WKRunsIndependentlyOfCompanionApp = YES;
				OTHER_LDFLAGS = "$(inherited) -framework BiziSharedCore";
				PRODUCT_BUNDLE_IDENTIFIER = com.gcaguilar.bizizaragoza.ios.watch;
				PRODUCT_NAME = "Bizi Zaragoza Watch";
				SDKROOT = watchos;
				SKIP_INSTALL = YES;
				TARGETED_DEVICE_FAMILY = 4;
				WATCHOS_DEPLOYMENT_TARGET = 9.0;
			};
			name = Debug;
		};
		225E269769199DCD7187028A /* Release */ = {
			isa = XCBuildConfiguration;
			buildSettings = {
				ASSETCATALOG_COMPILER_APPICON_NAME = AppIcon;
				CODE_SIGN_STYLE = Automatic;
				DEVELOPMENT_TEAM = "";
				"EXCLUDED_ARCHS[sdk=watchsimulator*]" = x86_64;
				FRAMEWORK_SEARCH_PATHS = (
					"$(inherited)",
					"$(SRCROOT)/../shared/core/build/bin/watchosSimulatorArm64/debugFramework",
					"$(SRCROOT)/../shared/core/build/bin/watchosSimulatorArm64/releaseFramework",
					"$(SRCROOT)/../shared/core/build/bin/watchosArm64/debugFramework",
					"$(SRCROOT)/../shared/core/build/bin/watchosArm64/releaseFramework",
				);
				GENERATE_INFOPLIST_FILE = YES;
				INFOPLIST_KEY_CFBundleDisplayName = "Bizi Zaragoza Watch";
				INFOPLIST_KEY_NSLocationWhenInUseUsageDescription = "Bizi Zaragoza necesita tu ubicación para mostrar estaciones cercanas en el reloj.";
				INFOPLIST_KEY_WKApplication = YES;
				INFOPLIST_KEY_WKCompanionAppBundleIdentifier = com.gcaguilar.bizizaragoza.ios;
				INFOPLIST_KEY_WKRunsIndependentlyOfCompanionApp = YES;
				OTHER_LDFLAGS = "$(inherited) -framework BiziSharedCore";
				PRODUCT_BUNDLE_IDENTIFIER = com.gcaguilar.bizizaragoza.ios.watch;
				PRODUCT_NAME = "Bizi Zaragoza Watch";
				SDKROOT = watchos;
				SKIP_INSTALL = YES;
				TARGETED_DEVICE_FAMILY = 4;
				WATCHOS_DEPLOYMENT_TARGET = 9.0;
			};
			name = Release;
		};
		36F3D03D251DE6F2DE416C20 /* Release */ = {
			isa = XCBuildConfiguration;
			buildSettings = {
				ALWAYS_SEARCH_USER_PATHS = NO;
				CLANG_ANALYZER_NONNULL = YES;
				CLANG_ANALYZER_NUMBER_OBJECT_CONVERSION = YES_AGGRESSIVE;
				CLANG_CXX_LANGUAGE_STANDARD = "gnu++14";
				CLANG_CXX_LIBRARY = "libc++";
				CLANG_ENABLE_MODULES = YES;
				CLANG_ENABLE_OBJC_ARC = YES;
				CLANG_ENABLE_OBJC_WEAK = YES;
				CLANG_WARN_BLOCK_CAPTURE_AUTORELEASING = YES;
				CLANG_WARN_BOOL_CONVERSION = YES;
				CLANG_WARN_COMMA = YES;
				CLANG_WARN_CONSTANT_CONVERSION = YES;
				CLANG_WARN_DEPRECATED_OBJC_IMPLEMENTATIONS = YES;
				CLANG_WARN_DIRECT_OBJC_ISA_USAGE = YES_ERROR;
				CLANG_WARN_DOCUMENTATION_COMMENTS = YES;
				CLANG_WARN_EMPTY_BODY = YES;
				CLANG_WARN_ENUM_CONVERSION = YES;
				CLANG_WARN_INFINITE_RECURSION = YES;
				CLANG_WARN_INT_CONVERSION = YES;
				CLANG_WARN_NON_LITERAL_NULL_CONVERSION = YES;
				CLANG_WARN_OBJC_IMPLICIT_RETAIN_SELF = YES;
				CLANG_WARN_OBJC_LITERAL_CONVERSION = YES;
				CLANG_WARN_OBJC_ROOT_CLASS = YES_ERROR;
				CLANG_WARN_QUOTED_INCLUDE_IN_FRAMEWORK_HEADER = YES;
				CLANG_WARN_RANGE_LOOP_ANALYSIS = YES;
				CLANG_WARN_STRICT_PROTOTYPES = YES;
				CLANG_WARN_SUSPICIOUS_MOVE = YES;
				CLANG_WARN_UNGUARDED_AVAILABILITY = YES_AGGRESSIVE;
				CLANG_WARN_UNREACHABLE_CODE = YES;
				CLANG_WARN__DUPLICATE_METHOD_MATCH = YES;
				COPY_PHASE_STRIP = NO;
				CURRENT_PROJECT_VERSION = 1;
				DEBUG_INFORMATION_FORMAT = "dwarf-with-dsym";
				ENABLE_NS_ASSERTIONS = NO;
				ENABLE_STRICT_OBJC_MSGSEND = YES;
				GCC_C_LANGUAGE_STANDARD = gnu11;
				GCC_NO_COMMON_BLOCKS = YES;
				GCC_WARN_64_TO_32_BIT_CONVERSION = YES;
				GCC_WARN_ABOUT_RETURN_TYPE = YES_ERROR;
				GCC_WARN_UNDECLARED_SELECTOR = YES;
				GCC_WARN_UNINITIALIZED_AUTOS = YES_AGGRESSIVE;
				GCC_WARN_UNUSED_FUNCTION = YES;
				GCC_WARN_UNUSED_VARIABLE = YES;
				IPHONEOS_DEPLOYMENT_TARGET = 16.0;
				MARKETING_VERSION = 0.1.0;
				MTL_ENABLE_DEBUG_INFO = NO;
				MTL_FAST_MATH = YES;
				PRODUCT_NAME = "$(TARGET_NAME)";
				SWIFT_COMPILATION_MODE = wholemodule;
				SWIFT_OPTIMIZATION_LEVEL = "-O";
				SWIFT_VERSION = 5.10;
				WATCHOS_DEPLOYMENT_TARGET = 9.0;
			};
			name = Release;
		};
		424035FE017474B11DC1A65D /* Debug */ = {
			isa = XCBuildConfiguration;
			buildSettings = {
				BUNDLE_LOADER = "$(TEST_HOST)";
				CODE_SIGN_STYLE = Automatic;
				DEVELOPMENT_TEAM = "";
				"EXCLUDED_ARCHS[sdk=iphonesimulator*]" = x86_64;
				FRAMEWORK_SEARCH_PATHS = (
					"$(inherited)",
					"$(SRCROOT)/../shared/mobile-ui/build/bin/iosSimulatorArm64/debugFramework",
					"$(SRCROOT)/../shared/mobile-ui/build/bin/iosSimulatorArm64/releaseFramework",
					"$(SRCROOT)/../shared/mobile-ui/build/bin/iosArm64/debugFramework",
					"$(SRCROOT)/../shared/mobile-ui/build/bin/iosArm64/releaseFramework",
				);
				GENERATE_INFOPLIST_FILE = YES;
				IPHONEOS_DEPLOYMENT_TARGET = 16.0;
				LD_RUNPATH_SEARCH_PATHS = (
					"$(inherited)",
					"@executable_path/Frameworks",
					"@loader_path/Frameworks",
				);
				OTHER_LDFLAGS = "$(inherited) -framework BiziMobileUi";
				PRODUCT_BUNDLE_IDENTIFIER = com.gcaguilar.bizizaragoza.ios.tests;
				PRODUCT_NAME = "Bizi Zaragoza Tests";
				SDKROOT = iphoneos;
				TARGETED_DEVICE_FAMILY = "1,2";
			};
			name = Debug;
		};
		4719AD48FD9612F268C76DBB /* Debug */ = {
			isa = XCBuildConfiguration;
			buildSettings = {
				ALWAYS_SEARCH_USER_PATHS = NO;
				CLANG_ANALYZER_NONNULL = YES;
				CLANG_ANALYZER_NUMBER_OBJECT_CONVERSION = YES_AGGRESSIVE;
				CLANG_CXX_LANGUAGE_STANDARD = "gnu++14";
				CLANG_CXX_LIBRARY = "libc++";
				CLANG_ENABLE_MODULES = YES;
				CLANG_ENABLE_OBJC_ARC = YES;
				CLANG_ENABLE_OBJC_WEAK = YES;
				CLANG_WARN_BLOCK_CAPTURE_AUTORELEASING = YES;
				CLANG_WARN_BOOL_CONVERSION = YES;
				CLANG_WARN_COMMA = YES;
				CLANG_WARN_CONSTANT_CONVERSION = YES;
				CLANG_WARN_DEPRECATED_OBJC_IMPLEMENTATIONS = YES;
				CLANG_WARN_DIRECT_OBJC_ISA_USAGE = YES_ERROR;
				CLANG_WARN_DOCUMENTATION_COMMENTS = YES;
				CLANG_WARN_EMPTY_BODY = YES;
				CLANG_WARN_ENUM_CONVERSION = YES;
				CLANG_WARN_INFINITE_RECURSION = YES;
				CLANG_WARN_INT_CONVERSION = YES;
				CLANG_WARN_NON_LITERAL_NULL_CONVERSION = YES;
				CLANG_WARN_OBJC_IMPLICIT_RETAIN_SELF = YES;
				CLANG_WARN_OBJC_LITERAL_CONVERSION = YES;
				CLANG_WARN_OBJC_ROOT_CLASS = YES_ERROR;
				CLANG_WARN_QUOTED_INCLUDE_IN_FRAMEWORK_HEADER = YES;
				CLANG_WARN_RANGE_LOOP_ANALYSIS = YES;
				CLANG_WARN_STRICT_PROTOTYPES = YES;
				CLANG_WARN_SUSPICIOUS_MOVE = YES;
				CLANG_WARN_UNGUARDED_AVAILABILITY = YES_AGGRESSIVE;
				CLANG_WARN_UNREACHABLE_CODE = YES;
				CLANG_WARN__DUPLICATE_METHOD_MATCH = YES;
				COPY_PHASE_STRIP = NO;
				CURRENT_PROJECT_VERSION = 1;
				DEBUG_INFORMATION_FORMAT = dwarf;
				ENABLE_STRICT_OBJC_MSGSEND = YES;
				ENABLE_TESTABILITY = YES;
				GCC_C_LANGUAGE_STANDARD = gnu11;
				GCC_DYNAMIC_NO_PIC = NO;
				GCC_NO_COMMON_BLOCKS = YES;
				GCC_OPTIMIZATION_LEVEL = 0;
				GCC_PREPROCESSOR_DEFINITIONS = (
					"$(inherited)",
					"DEBUG=1",
				);
				GCC_WARN_64_TO_32_BIT_CONVERSION = YES;
				GCC_WARN_ABOUT_RETURN_TYPE = YES_ERROR;
				GCC_WARN_UNDECLARED_SELECTOR = YES;
				GCC_WARN_UNINITIALIZED_AUTOS = YES_AGGRESSIVE;
				GCC_WARN_UNUSED_FUNCTION = YES;
				GCC_WARN_UNUSED_VARIABLE = YES;
				IPHONEOS_DEPLOYMENT_TARGET = 16.0;
				MARKETING_VERSION = 0.1.0;
				MTL_ENABLE_DEBUG_INFO = INCLUDE_SOURCE;
				MTL_FAST_MATH = YES;
				ONLY_ACTIVE_ARCH = YES;
				PRODUCT_NAME = "$(TARGET_NAME)";
				SWIFT_ACTIVE_COMPILATION_CONDITIONS = DEBUG;
				SWIFT_OPTIMIZATION_LEVEL = "-Onone";
				SWIFT_VERSION = 5.10;
				WATCHOS_DEPLOYMENT_TARGET = 9.0;
			};
			name = Debug;
		};
		488F9A3D581ED129A851B6F4 /* Debug */ = {
			isa = XCBuildConfiguration;
			buildSettings = {
				BUNDLE_LOADER = "$(TEST_HOST)";
				CODE_SIGN_STYLE = Automatic;
				DEVELOPMENT_TEAM = "";
				"EXCLUDED_ARCHS[sdk=iphonesimulator*]" = x86_64;
				GENERATE_INFOPLIST_FILE = YES;
				IPHONEOS_DEPLOYMENT_TARGET = 16.0;
				LD_RUNPATH_SEARCH_PATHS = (
					"$(inherited)",
					"@executable_path/Frameworks",
					"@loader_path/Frameworks",
				);
				PRODUCT_BUNDLE_IDENTIFIER = com.gcaguilar.bizizaragoza.ios.uitests;
				PRODUCT_NAME = "Bizi Zaragoza UI Tests";
				SDKROOT = iphoneos;
				TARGETED_DEVICE_FAMILY = "1,2";
				TEST_TARGET_NAME = BiziZaragoza;
			};
			name = Debug;
		};
		48B0BAF1213AE4DC16AD6D95 /* Release */ = {
			isa = XCBuildConfiguration;
			buildSettings = {
				BUNDLE_LOADER = "$(TEST_HOST)";
				CODE_SIGN_STYLE = Automatic;
				DEVELOPMENT_TEAM = "";
				"EXCLUDED_ARCHS[sdk=iphonesimulator*]" = x86_64;
				FRAMEWORK_SEARCH_PATHS = (
					"$(inherited)",
					"$(SRCROOT)/../shared/mobile-ui/build/bin/iosSimulatorArm64/debugFramework",
					"$(SRCROOT)/../shared/mobile-ui/build/bin/iosSimulatorArm64/releaseFramework",
					"$(SRCROOT)/../shared/mobile-ui/build/bin/iosArm64/debugFramework",
					"$(SRCROOT)/../shared/mobile-ui/build/bin/iosArm64/releaseFramework",
				);
				GENERATE_INFOPLIST_FILE = YES;
				IPHONEOS_DEPLOYMENT_TARGET = 16.0;
				LD_RUNPATH_SEARCH_PATHS = (
					"$(inherited)",
					"@executable_path/Frameworks",
					"@loader_path/Frameworks",
				);
				OTHER_LDFLAGS = "$(inherited) -framework BiziMobileUi";
				PRODUCT_BUNDLE_IDENTIFIER = com.gcaguilar.bizizaragoza.ios.tests;
				PRODUCT_NAME = "Bizi Zaragoza Tests";
				SDKROOT = iphoneos;
				TARGETED_DEVICE_FAMILY = "1,2";
			};
			name = Release;
		};
		52DBBC0E2CD4D8C8A60279EF /* Release */ = {
			isa = XCBuildConfiguration;
			buildSettings = {
				BUNDLE_LOADER = "$(TEST_HOST)";
				CODE_SIGN_STYLE = Automatic;
				DEVELOPMENT_TEAM = "";
				"EXCLUDED_ARCHS[sdk=watchsimulator*]" = x86_64;
				FRAMEWORK_SEARCH_PATHS = (
					"$(inherited)",
					"$(SRCROOT)/../shared/core/build/bin/watchosSimulatorArm64/debugFramework",
					"$(SRCROOT)/../shared/core/build/bin/watchosSimulatorArm64/releaseFramework",
					"$(SRCROOT)/../shared/core/build/bin/watchosArm64/debugFramework",
					"$(SRCROOT)/../shared/core/build/bin/watchosArm64/releaseFramework",
				);
				GENERATE_INFOPLIST_FILE = YES;
				LD_RUNPATH_SEARCH_PATHS = (
					"$(inherited)",
					"@executable_path/Frameworks",
					"@loader_path/Frameworks",
				);
				OTHER_LDFLAGS = "$(inherited) -framework BiziSharedCore";
				PRODUCT_BUNDLE_IDENTIFIER = com.gcaguilar.bizizaragoza.ios.watch.tests;
				PRODUCT_NAME = "Bizi Zaragoza Watch Tests";
				SDKROOT = watchos;
				SKIP_INSTALL = YES;
				TARGETED_DEVICE_FAMILY = 4;
				WATCHOS_DEPLOYMENT_TARGET = 9.0;
			};
			name = Release;
		};
		670FED6BBC551CA949F9928B /* Debug */ = {
			isa = XCBuildConfiguration;
			buildSettings = {
				BUNDLE_LOADER = "$(TEST_HOST)";
				CODE_SIGN_STYLE = Automatic;
				DEVELOPMENT_TEAM = "";
				"EXCLUDED_ARCHS[sdk=watchsimulator*]" = x86_64;
				FRAMEWORK_SEARCH_PATHS = (
					"$(inherited)",
					"$(SRCROOT)/../shared/core/build/bin/watchosSimulatorArm64/debugFramework",
					"$(SRCROOT)/../shared/core/build/bin/watchosSimulatorArm64/releaseFramework",
					"$(SRCROOT)/../shared/core/build/bin/watchosArm64/debugFramework",
					"$(SRCROOT)/../shared/core/build/bin/watchosArm64/releaseFramework",
				);
				GENERATE_INFOPLIST_FILE = YES;
				LD_RUNPATH_SEARCH_PATHS = (
					"$(inherited)",
					"@executable_path/Frameworks",
					"@loader_path/Frameworks",
				);
				OTHER_LDFLAGS = "$(inherited) -framework BiziSharedCore";
				PRODUCT_BUNDLE_IDENTIFIER = com.gcaguilar.bizizaragoza.ios.watch.tests;
				PRODUCT_NAME = "Bizi Zaragoza Watch Tests";
				SDKROOT = watchos;
				SKIP_INSTALL = YES;
				TARGETED_DEVICE_FAMILY = 4;
				WATCHOS_DEPLOYMENT_TARGET = 9.0;
			};
			name = Debug;
		};
		C0608D4DBDC6A618984ED8DE /* Release */ = {
			isa = XCBuildConfiguration;
			buildSettings = {
				BUNDLE_LOADER = "$(TEST_HOST)";
				CODE_SIGN_STYLE = Automatic;
				DEVELOPMENT_TEAM = "";
				"EXCLUDED_ARCHS[sdk=iphonesimulator*]" = x86_64;
				GENERATE_INFOPLIST_FILE = YES;
				IPHONEOS_DEPLOYMENT_TARGET = 16.0;
				LD_RUNPATH_SEARCH_PATHS = (
					"$(inherited)",
					"@executable_path/Frameworks",
					"@loader_path/Frameworks",
				);
				PRODUCT_BUNDLE_IDENTIFIER = com.gcaguilar.bizizaragoza.ios.uitests;
				PRODUCT_NAME = "Bizi Zaragoza UI Tests";
				SDKROOT = iphoneos;
				TARGETED_DEVICE_FAMILY = "1,2";
				TEST_TARGET_NAME = BiziZaragoza;
			};
			name = Release;
		};
/* End XCBuildConfiguration section */

/* Begin XCConfigurationList section */
		57F5B8115010808D064B3166 /* Build configuration list for PBXNativeTarget "BiziZaragozaWatchTests" */ = {
			isa = XCConfigurationList;
			buildConfigurations = (
				670FED6BBC551CA949F9928B /* Debug */,
				52DBBC0E2CD4D8C8A60279EF /* Release */,
			);
			defaultConfigurationIsVisible = 0;
			defaultConfigurationName = Debug;
		};
		7F7F225AB5780CC63C024369 /* Build configuration list for PBXNativeTarget "BiziZaragoza" */ = {
			isa = XCConfigurationList;
			buildConfigurations = (
				0095B746F18448F7B51B34FC /* Debug */,
				11DD6291E56B7E10FFEF6AD1 /* Release */,
			);
			defaultConfigurationIsVisible = 0;
			defaultConfigurationName = Debug;
		};
		9BFC3BD049FCD87DCC536D0A /* Build configuration list for PBXNativeTarget "BiziZaragozaWatch" */ = {
			isa = XCConfigurationList;
			buildConfigurations = (
				161F732AB562871D7F2E3C8F /* Debug */,
				225E269769199DCD7187028A /* Release */,
			);
			defaultConfigurationIsVisible = 0;
			defaultConfigurationName = Debug;
		};
		CB2D23A11FB9FB2D237B330F /* Build configuration list for PBXNativeTarget "BiziZaragozaUITests" */ = {
			isa = XCConfigurationList;
			buildConfigurations = (
				488F9A3D581ED129A851B6F4 /* Debug */,
				C0608D4DBDC6A618984ED8DE /* Release */,
			);
			defaultConfigurationIsVisible = 0;
			defaultConfigurationName = Debug;
		};
		DBD0BF5764C9073B5FCC1866 /* Build configuration list for PBXNativeTarget "BiziZaragozaTests" */ = {
			isa = XCConfigurationList;
			buildConfigurations = (
				424035FE017474B11DC1A65D /* Debug */,
				48B0BAF1213AE4DC16AD6D95 /* Release */,
			);
			defaultConfigurationIsVisible = 0;
			defaultConfigurationName = Debug;
		};
		F26943683B39FE76F2FE42E4 /* Build configuration list for PBXProject "BiziZaragoza" */ = {
			isa = XCConfigurationList;
			buildConfigurations = (
				4719AD48FD9612F268C76DBB /* Debug */,
				36F3D03D251DE6F2DE416C20 /* Release */,
			);
			defaultConfigurationIsVisible = 0;
			defaultConfigurationName = Debug;
		};
/* End XCConfigurationList section */
	};
	rootObject = 15306C0763EF355DF69384A7 /* Project object */;
}
